
Microsoft Visual Studio Solution File, Format Version 12.00
# Visual Studio 15
VisualStudioVersion = 15.0.28010.2003
MinimumVisualStudioVersion = 10.0.40219.1
Project("{9A19103F-16F7-4668-BE54-9A1E7A4F7556}") = "TaxiFarePrediction", "TaxiFarePrediction.csproj", "{69A48799-F550-403B-812C-9F3CEFC2E516}"
EndProject
Global
	GlobalSection(SolutionConfigurationPlatforms) = preSolution
		Debug|Any CPU = Debug|Any CPU
		Release|Any CPU = Release|Any CPU
	EndGlobalSection
	GlobalSection(ProjectConfigurationPlatforms) = postSolution
		{69A48799-F550-403B-812C-9F3CEFC2E516}.Debug|Any CPU.ActiveCfg = Debug|Any CPU
		{69A48799-F550-403B-812C-9F3CEFC2E516}.Debug|Any CPU.Build.0 = Debug|Any CPU
		{69A48799-F550-403B-812C-9F3CEFC2E516}.Release|Any CPU.ActiveCfg = Release|Any CPU
		{69A48799-F550-403B-812C-9F3CEFC2E516}.Release|Any CPU.Build.0 = Release|Any CPU
	EndGlobalSection
	GlobalSection(SolutionProperties) = preSolution
		HideSolutionNode = FALSE
	EndGlobalSection
	GlobalSection(ExtensibilityGlobals) = postSolution
		SolutionGuid = {D4D0668F-EB4C-45F4-BAE0-4ED3DDC10307}
	EndGlobalSection
EndGlobal
